{
  "name": "web-reload",
  "version": "1.0.0",
  "lockfileVersion": 3,
  "requires": true,
  "packages": {
    "": {
      "name": "web-reload",
      "version": "1.0.0",
      "license": "MIT",
      "dependencies": {
        "node-soft": "^1.0.0",
        "ws": "^8.17.0"
      },
      "bin": {
        "web-reload": "bin/web-reload.js",
        "webreload": "bin/web-reload.js"
      }
    },
    "node_modules/node-soft": {
      "version": "1.0.0",
      "resolved": "https://registry.npmjs.org/node-soft/-/node-soft-1.0.0.tgz",
      "integrity": "sha512-SgjfS5EkLZGpFLayHWBEPRsSVhgHonu7LFSOFX1z4z9pTtY1l3V3GWrHVV9S3GR+xeOkD8m75Va1oHLlyWTRqQ==",
      "bin": {
        "node-soft": "bin/nodesoft.js",
        "nodesoft": "bin/nodesoft.js"
      }
    },
    "node_modules/ws": {
      "version": "8.17.0",
      "resolved": "https://registry.npmjs.org/ws/-/ws-8.17.0.tgz",
      "integrity": "sha512-uJq6108EgZMAl20KagGkzCKfMEjxmKvZHG7Tlq0Z6nOky7YF7aq4mOx6xK8TJ/i1LeK4Qus7INktacctDgY8Ow==",
      "engines": {
        "node": ">=10.0.0"
      },
      "peerDependencies": {
        "bufferutil": "^4.0.1",
        "utf-8-validate": ">=5.0.2"
      },
      "peerDependenciesMeta": {
        "bufferutil": {
          "optional": true
        },
        "utf-8-validate": {
          "optional": true
        }
      }
    }
  }
}
